
Microsoft Visual Studio Solution File, Format Version 12.00
Project("{FAE04EC0-301F-11D3-BF4B-00C04F79EFBC}") = "SnowChat.Konsol", "SnowChat.Konsol\SnowChat.Konsol.csproj", "{0117EEEC-9259-4E9C-AD32-6B1DF0D0C121}"
EndProject
Global
	GlobalSection(SolutionConfigurationPlatforms) = preSolution
		Debug|Any CPU = Debug|Any CPU
		Release|Any CPU = Release|Any CPU
	EndGlobalSection
	GlobalSection(ProjectConfigurationPlatforms) = postSolution
		{0117EEEC-9259-4E9C-AD32-6B1DF0D0C121}.Debug|Any CPU.ActiveCfg = Debug|Any CPU
		{0117EEEC-9259-4E9C-AD32-6B1DF0D0C121}.Debug|Any CPU.Build.0 = Debug|Any CPU
		{0117EEEC-9259-4E9C-AD32-6B1DF0D0C121}.Release|Any CPU.ActiveCfg = Release|Any CPU
		{0117EEEC-9259-4E9C-AD32-6B1DF0D0C121}.Release|Any CPU.Build.0 = Release|Any CPU
	EndGlobalSection
EndGlobal
