
Microsoft Visual Studio Solution File, Format Version 12.00
Project("{FAE04EC0-301F-11D3-BF4B-00C04F79EFBC}") = "SnowChat.Konsol", "SnowChat.Konsol\SnowChat.Konsol.csproj", "{0117EEEC-9259-4E9C-AD32-6B1DF0D0C121}"
EndProject
Project("{FAE04EC0-301F-11D3-BF4B-00C04F79EFBC}") = "SnowChat.API", "SnowChat.API\SnowChat.API.csproj", "{77C307D0-8CF2-4E00-AD32-A88C90D4A77B}"
EndProject
Project("{FAE04EC0-301F-11D3-BF4B-00C04F79EFBC}") = "SnowChat.Bootstraper", "SnowChat.Bootstraper\SnowChat.Bootstraper.csproj", "{08B3604D-B464-46AE-A337-74C74B6DB689}"
EndProject
Global
	GlobalSection(SolutionConfigurationPlatforms) = preSolution
		Debug|Any CPU = Debug|Any CPU
		Release|Any CPU = Release|Any CPU
	EndGlobalSection
	GlobalSection(ProjectConfigurationPlatforms) = postSolution
		{0117EEEC-9259-4E9C-AD32-6B1DF0D0C121}.Debug|Any CPU.ActiveCfg = Debug|Any CPU
		{0117EEEC-9259-4E9C-AD32-6B1DF0D0C121}.Debug|Any CPU.Build.0 = Debug|Any CPU
		{0117EEEC-9259-4E9C-AD32-6B1DF0D0C121}.Release|Any CPU.ActiveCfg = Release|Any CPU
		{0117EEEC-9259-4E9C-AD32-6B1DF0D0C121}.Release|Any CPU.Build.0 = Release|Any CPU
		{77C307D0-8CF2-4E00-AD32-A88C90D4A77B}.Debug|Any CPU.ActiveCfg = Debug|Any CPU
		{77C307D0-8CF2-4E00-AD32-A88C90D4A77B}.Debug|Any CPU.Build.0 = Debug|Any CPU
		{77C307D0-8CF2-4E00-AD32-A88C90D4A77B}.Release|Any CPU.ActiveCfg = Release|Any CPU
		{77C307D0-8CF2-4E00-AD32-A88C90D4A77B}.Release|Any CPU.Build.0 = Release|Any CPU
		{08B3604D-B464-46AE-A337-74C74B6DB689}.Debug|Any CPU.ActiveCfg = Debug|Any CPU
		{08B3604D-B464-46AE-A337-74C74B6DB689}.Debug|Any CPU.Build.0 = Debug|Any CPU
		{08B3604D-B464-46AE-A337-74C74B6DB689}.Release|Any CPU.ActiveCfg = Release|Any CPU
		{08B3604D-B464-46AE-A337-74C74B6DB689}.Release|Any CPU.Build.0 = Release|Any CPU
	EndGlobalSection
EndGlobal
